
Microsoft Visual Studio Solution File, Format Version 12.00
# Visual Studio 15
VisualStudioVersion = 15.0.28307.421
MinimumVisualStudioVersion = 10.0.40219.1
Project("{FAE04EC0-301F-11D3-BF4B-00C04F79EFBC}") = "MercariAutomatic", "MercariAutomatic\MercariAutomatic.csproj", "{3C030D46-2C3E-4279-8121-479C816B9007}"
EndProject
Global
	GlobalSection(SolutionConfigurationPlatforms) = preSolution
		Debug|Any CPU = Debug|Any CPU
		Release|Any CPU = Release|Any CPU
	EndGlobalSection
	GlobalSection(ProjectConfigurationPlatforms) = postSolution
		{3C030D46-2C3E-4279-8121-479C816B9007}.Debug|Any CPU.ActiveCfg = Debug|Any CPU
		{3C030D46-2C3E-4279-8121-479C816B9007}.Debug|Any CPU.Build.0 = Debug|Any CPU
		{3C030D46-2C3E-4279-8121-479C816B9007}.Release|Any CPU.ActiveCfg = Release|Any CPU
		{3C030D46-2C3E-4279-8121-479C816B9007}.Release|Any CPU.Build.0 = Release|Any CPU
	EndGlobalSection
	GlobalSection(SolutionProperties) = preSolution
		HideSolutionNode = FALSE
	EndGlobalSection
	GlobalSection(ExtensibilityGlobals) = postSolution
		SolutionGuid = {EA50DF18-F0D4-4479-88AC-09FC4F5B0CAB}
	EndGlobalSection
EndGlobal
